
Microsoft Visual Studio Solution File, Format Version 12.00
# Visual Studio Version 17
VisualStudioVersion = 17.11.35327.3
MinimumVisualStudioVersion = 10.0.40219.1
Project("{FAE04EC0-301F-11D3-BF4B-00C04F79EFBC}") = "Forms2", "Forms2\Forms2.csproj", "{2859AA5A-37E9-48C8-A780-9BC36D1373C9}"
EndProject
Global
	GlobalSection(SolutionConfigurationPlatforms) = preSolution
		Debug|Any CPU = Debug|Any CPU
		Release|Any CPU = Release|Any CPU
	EndGlobalSection
	GlobalSection(ProjectConfigurationPlatforms) = postSolution
		{2859AA5A-37E9-48C8-A780-9BC36D1373C9}.Debug|Any CPU.ActiveCfg = Debug|Any CPU
		{2859AA5A-37E9-48C8-A780-9BC36D1373C9}.Debug|Any CPU.Build.0 = Debug|Any CPU
		{2859AA5A-37E9-48C8-A780-9BC36D1373C9}.Release|Any CPU.ActiveCfg = Release|Any CPU
		{2859AA5A-37E9-48C8-A780-9BC36D1373C9}.Release|Any CPU.Build.0 = Release|Any CPU
	EndGlobalSection
	GlobalSection(SolutionProperties) = preSolution
		HideSolutionNode = FALSE
	EndGlobalSection
	GlobalSection(ExtensibilityGlobals) = postSolution
		SolutionGuid = {87F856A8-04DF-41FE-8CD2-5C43C12621E6}
	EndGlobalSection
EndGlobal
